Microsoft Visual Studio Solution File, Format Version 12.00
# Visual Studio Version 17
VisualStudioVersion = 17.9.34622.214
MinimumVisualStudioVersion = 10.0.40219.1
Project("{FAE04EC0-301F-11D3-BF4B-00C04F79EFBC}") = "Process Auto Relaunch", "Process Auto Relaunch.csproj", "{B48F106C-F4E2-4BFB-9BAA-42FC13C03FDD}"
EndProject
Global
	GlobalSection(SolutionConfigurationPlatforms) = preSolution
		Debug|x64 = Debug|x64
		Debug|x86 = Debug|x86
		DebugFULL|x64 = DebugFULL|x64
		DebugFULL|x86 = DebugFULL|x86
		Release|x64 = Release|x64
		Release|x86 = Release|x86
	EndGlobalSection
	GlobalSection(ProjectConfigurationPlatforms) = postSolution
		{B48F106C-F4E2-4BFB-9BAA-42FC13C03FDD}.Debug|x64.ActiveCfg = Debug|x64
		{B48F106C-F4E2-4BFB-9BAA-42FC13C03FDD}.Debug|x64.Build.0 = Debug|x64
		{B48F106C-F4E2-4BFB-9BAA-42FC13C03FDD}.Debug|x86.ActiveCfg = Debug|x86
		{B48F106C-F4E2-4BFB-9BAA-42FC13C03FDD}.Debug|x86.Build.0 = Debug|x86
		{B48F106C-F4E2-4BFB-9BAA-42FC13C03FDD}.DebugFULL|x64.ActiveCfg = Debug|x64
		{B48F106C-F4E2-4BFB-9BAA-42FC13C03FDD}.DebugFULL|x64.Build.0 = Debug|x64
		{B48F106C-F4E2-4BFB-9BAA-42FC13C03FDD}.DebugFULL|x86.ActiveCfg = Debug|x86
		{B48F106C-F4E2-4BFB-9BAA-42FC13C03FDD}.DebugFULL|x86.Build.0 = Debug|x86
		{B48F106C-F4E2-4BFB-9BAA-42FC13C03FDD}.Release|x64.ActiveCfg = Release|x64
		{B48F106C-F4E2-4BFB-9BAA-42FC13C03FDD}.Release|x86.ActiveCfg = Release|x86
		{B48F106C-F4E2-4BFB-9BAA-42FC13C03FDD}.Release|x86.Build.0 = Release|x86
	EndGlobalSection
	GlobalSection(SolutionProperties) = preSolution
		HideSolutionNode = FALSE
	EndGlobalSection
	GlobalSection(ExtensibilityGlobals) = postSolution
		SolutionGuid = {4D47AE52-BA80-480A-90CD-19011F1823D6}
	EndGlobalSection
EndGlobal
